
Microsoft Visual Studio Solution File, Format Version 12.00
# Visual Studio Version 17
VisualStudioVersion = 17.7.34031.279
MinimumVisualStudioVersion = 10.0.40219.1
Project("{FAE04EC0-301F-11D3-BF4B-00C04F79EFBC}") = "generic", "generic\generic.csproj", "{0DF454BE-D509-4A7F-A030-6C7BBDE9879D}"
EndProject
Global
	GlobalSection(SolutionConfigurationPlatforms) = preSolution
		Debug|Any CPU = Debug|Any CPU
		Release|Any CPU = Release|Any CPU
	EndGlobalSection
	GlobalSection(ProjectConfigurationPlatforms) = postSolution
		{0DF454BE-D509-4A7F-A030-6C7BBDE9879D}.Debug|Any CPU.ActiveCfg = Debug|Any CPU
		{0DF454BE-D509-4A7F-A030-6C7BBDE9879D}.Debug|Any CPU.Build.0 = Debug|Any CPU
		{0DF454BE-D509-4A7F-A030-6C7BBDE9879D}.Release|Any CPU.ActiveCfg = Release|Any CPU
		{0DF454BE-D509-4A7F-A030-6C7BBDE9879D}.Release|Any CPU.Build.0 = Release|Any CPU
	EndGlobalSection
	GlobalSection(SolutionProperties) = preSolution
		HideSolutionNode = FALSE
	EndGlobalSection
	GlobalSection(ExtensibilityGlobals) = postSolution
		SolutionGuid = {98EA868B-D295-4131-AF72-3ABD85FDE065}
	EndGlobalSection
EndGlobal
